
Microsoft Visual Studio Solution File, Format Version 12.00
# Visual Studio Version 17
VisualStudioVersion = 17.3.32804.467
MinimumVisualStudioVersion = 10.0.40219.1
Project("{FAE04EC0-301F-11D3-BF4B-00C04F79EFBC}") = "PayPal-MVC-5", "PayPal-MVC-5\PayPal-MVC-5.csproj", "{0176461A-3F46-4A95-9672-07723B76F182}"
EndProject
Global
	GlobalSection(SolutionConfigurationPlatforms) = preSolution
		Debug|Any CPU = Debug|Any CPU
		Release|Any CPU = Release|Any CPU
	EndGlobalSection
	GlobalSection(ProjectConfigurationPlatforms) = postSolution
		{0176461A-3F46-4A95-9672-07723B76F182}.Debug|Any CPU.ActiveCfg = Debug|Any CPU
		{0176461A-3F46-4A95-9672-07723B76F182}.Debug|Any CPU.Build.0 = Debug|Any CPU
		{0176461A-3F46-4A95-9672-07723B76F182}.Release|Any CPU.ActiveCfg = Release|Any CPU
		{0176461A-3F46-4A95-9672-07723B76F182}.Release|Any CPU.Build.0 = Release|Any CPU
	EndGlobalSection
	GlobalSection(SolutionProperties) = preSolution
		HideSolutionNode = FALSE
	EndGlobalSection
	GlobalSection(ExtensibilityGlobals) = postSolution
		SolutionGuid = {BDA2B2EE-9B54-4779-AC66-35317A7D5E8B}
	EndGlobalSection
EndGlobal
